// !$*UTF8*$!
{
	archiveVersion = 1;
	classes = {
	};
	objectVersion = 46;
	objects = {

/* Begin PBXBuildFile section */
		4F9E428E1D80F1D70046B346 /* AddressDetailViewController.m in Sources */ = {isa = PBXBuildFile; fileRef = 4F9E428D1D80F1D70046B346 /* AddressDetailViewController.m */; };
		4FDB6C021D78EAF200B668EE /* main.m in Sources */ = {isa = PBXBuildFile; fileRef = 4FDB6C011D78EAF200B668EE /* main.m */; };
		4FDB6C051D78EAF200B668EE /* AppDelegate.m in Sources */ = {isa = PBXBuildFile; fileRef = 4FDB6C041D78EAF200B668EE /* AppDelegate.m */; };
		4FDB6C081D78EAF200B668EE /* FirstViewController.m in Sources */ = {isa = PBXBuildFile; fileRef = 4FDB6C071D78EAF200B668EE /* FirstViewController.m */; };
		4FDB6C0B1D78EAF200B668EE /* SecondViewController.m in Sources */ = {isa = PBXBuildFile; fileRef = 4FDB6C0A1D78EAF200B668EE /* SecondViewController.m */; };
		4FDB6C0E1D78EAF200B668EE /* Main.storyboard in Resources */ = {isa = PBXBuildFile; fileRef = 4FDB6C0C1D78EAF200B668EE /* Main.storyboard */; };
		4FDB6C101D78EAF200B668EE /* Assets.xcassets in Resources */ = {isa = PBXBuildFile; fileRef = 4FDB6C0F1D78EAF200B668EE /* Assets.xcassets */; };
		4FDB6C131D78EAF200B668EE /* LaunchScreen.storyboard in Resources */ = {isa = PBXBuildFile; fileRef = 4FDB6C111D78EAF200B668EE /* LaunchScreen.storyboard */; };
		4FDB6C1E1D78EAF200B668EE /* traffic2Tests.m in Sources */ = {isa = PBXBuildFile; fileRef = 4FDB6C1D1D78EAF200B668EE /* traffic2Tests.m */; };
		4FDB6C291D78EAF200B668EE /* traffic2UITests.m in Sources */ = {isa = PBXBuildFile; fileRef = 4FDB6C281D78EAF200B668EE /* traffic2UITests.m */; };
		4FDB6C371D78EBBD00B668EE /* MapKit.framework in Frameworks */ = {isa = PBXBuildFile; fileRef = 4FDB6C361D78EBBD00B668EE /* MapKit.framework */; };
		4FDB6C391D78F3C200B668EE /* CoreLocation.framework in Frameworks */ = {isa = PBXBuildFile; fileRef = 4FDB6C381D78F3C200B668EE /* CoreLocation.framework */; };
/* End PBXBuildFile section */

/* Begin PBXContainerItemProxy section */
		4FDB6C1A1D78EAF200B668EE /* PBXContainerItemProxy */ = {
			isa = PBXContainerItemProxy;
			containerPortal = 4FDB6BF51D78EAF200B668EE /* Project object */;
			proxyType = 1;
			remoteGlobalIDString = 4FDB6BFC1D78EAF200B668EE;
			remoteInfo = traffic2;
		};
		4FDB6C251D78EAF200B668EE /* PBXContainerItemProxy */ = {
			isa = PBXContainerItemProxy;
			containerPortal = 4FDB6BF51D78EAF200B668EE /* Project object */;
			proxyType = 1;
			remoteGlobalIDString = 4FDB6BFC1D78EAF200B668EE;
			remoteInfo = traffic2;
		};
/* End PBXContainerItemProxy section */

/* Begin PBXFileReference section */
		4F9E428C1D80F1D70046B346 /* AddressDetailViewController.h */ = {isa = PBXFileReference; fileEncoding = 4; lastKnownFileType = sourcecode.c.h; path = AddressDetailViewController.h; sourceTree = "<group>"; };
		4F9E428D1D80F1D70046B346 /* AddressDetailViewController.m */ = {isa = PBXFileReference; fileEncoding = 4; lastKnownFileType = sourcecode.c.objc; path = AddressDetailViewController.m; sourceTree = "<group>"; };
		4FDB6BFD1D78EAF200B668EE /* traffic2.app */ = {isa = PBXFileReference; explicitFileType = wrapper.application; includeInIndex = 0; path = traffic2.app; sourceTree = BUILT_PRODUCTS_DIR; };
		4FDB6C011D78EAF200B668EE /* main.m */ = {isa = PBXFileReference; lastKnownFileType = sourcecode.c.objc; path = main.m; sourceTree = "<group>"; };
		4FDB6C031D78EAF200B668EE /* AppDelegate.h */ = {isa = PBXFileReference; lastKnownFileType = sourcecode.c.h; path = AppDelegate.h; sourceTree = "<group>"; };
		4FDB6C041D78EAF200B668EE /* AppDelegate.m */ = {isa = PBXFileReference; lastKnownFileType = sourcecode.c.objc; path = AppDelegate.m; sourceTree = "<group>"; };
		4FDB6C061D78EAF200B668EE /* FirstViewController.h */ = {isa = PBXFileReference; lastKnownFileType = sourcecode.c.h; path = FirstViewController.h; sourceTree = "<group>"; };
		4FDB6C071D78EAF200B668EE /* FirstViewController.m */ = {isa = PBXFileReference; lastKnownFileType = sourcecode.c.objc; path = FirstViewController.m; sourceTree = "<group>"; };
		4FDB6C091D78EAF200B668EE /* SecondViewController.h */ = {isa = PBXFileReference; lastKnownFileType = sourcecode.c.h; path = SecondViewController.h; sourceTree = "<group>"; };
		4FDB6C0A1D78EAF200B668EE /* SecondViewController.m */ = {isa = PBXFileReference; lastKnownFileType = sourcecode.c.objc; path = SecondViewController.m; sourceTree = "<group>"; };
		4FDB6C0D1D78EAF200B668EE /* Base */ = {isa = PBXFileReference; lastKnownFileType = file.storyboard; name = Base; path = Base.lproj/Main.storyboard; sourceTree = "<group>"; };
		4FDB6C0F1D78EAF200B668EE /* Assets.xcassets */ = {isa = PBXFileReference; lastKnownFileType = folder.assetcatalog; path = Assets.xcassets; sourceTree = "<group>"; };
		4FDB6C121D78EAF200B668EE /* Base */ = {isa = PBXFileReference; lastKnownFileType = file.storyboard; name = Base; path = Base.lproj/LaunchScreen.storyboard; sourceTree = "<group>"; };
		4FDB6C141D78EAF200B668EE /* Info.plist */ = {isa = PBXFileReference; lastKnownFileType = text.plist.xml; path = Info.plist; sourceTree = "<group>"; };
		4FDB6C191D78EAF200B668EE /* traffic2Tests.xctest */ = {isa = PBXFileReference; explicitFileType = wrapper.cfbundle; includeInIndex = 0; path = traffic2Tests.xctest; sourceTree = BUILT_PRODUCTS_DIR; };
		4FDB6C1D1D78EAF200B668EE /* traffic2Tests.m */ = {isa = PBXFileReference; lastKnownFileType = sourcecode.c.objc; path = traffic2Tests.m; sourceTree = "<group>"; };
		4FDB6C1F1D78EAF200B668EE /* Info.plist */ = {isa = PBXFileReference; lastKnownFileType = text.plist.xml; path = Info.plist; sourceTree = "<group>"; };
		4FDB6C241D78EAF200B668EE /* traffic2UITests.xctest */ = {isa = PBXFileReference; explicitFileType = wrapper.cfbundle; includeInIndex = 0; path = traffic2UITests.xctest; sourceTree = BUILT_PRODUCTS_DIR; };
		4FDB6C281D78EAF200B668EE /* traffic2UITests.m */ = {isa = PBXFileReference; lastKnownFileType = sourcecode.c.objc; path = traffic2UITests.m; sourceTree = "<group>"; };
		4FDB6C2A1D78EAF200B668EE /* Info.plist */ = {isa = PBXFileReference; lastKnownFileType = text.plist.xml; path = Info.plist; sourceTree = "<group>"; };
		4FDB6C361D78EBBD00B668EE /* MapKit.framework */ = {isa = PBXFileReference; lastKnownFileType = wrapper.framework; name = MapKit.framework; path = System/Library/Frameworks/MapKit.framework; sourceTree = SDKROOT; };
		4FDB6C381D78F3C200B668EE /* CoreLocation.framework */ = {isa = PBXFileReference; lastKnownFileType = wrapper.framework; name = CoreLocation.framework; path = System/Library/Frameworks/CoreLocation.framework; sourceTree = SDKROOT; };
/* End PBXFileReference section */

/* Begin PBXFrameworksBuildPhase section */
		4FDB6BFA1D78EAF200B668EE /* Frameworks */ = {
			isa = PBXFrameworksBuildPhase;
			buildActionMask = 2147483647;
			files = (
				4FDB6C391D78F3C200B668EE /* CoreLocation.framework in Frameworks */,
				4FDB6C371D78EBBD00B668EE /* MapKit.framework in Frameworks */,
			);
			runOnlyForDeploymentPostprocessing = 0;
		};
		4FDB6C161D78EAF200B668EE /* Frameworks */ = {
			isa = PBXFrameworksBuildPhase;
			buildActionMask = 2147483647;
			files = (
			);
			runOnlyForDeploymentPostprocessing = 0;
		};
		4FDB6C211D78EAF200B668EE /* Frameworks */ = {
			isa = PBXFrameworksBuildPhase;
			buildActionMask = 2147483647;
			files = (
			);
			runOnlyForDeploymentPostprocessing = 0;
		};
/* End PBXFrameworksBuildPhase section */

/* Begin PBXGroup section */
		4FDB6BF41D78EAF200B668EE = {
			isa = PBXGroup;
			children = (
				4FDB6C381D78F3C200B668EE /* CoreLocation.framework */,
				4FDB6C361D78EBBD00B668EE /* MapKit.framework */,
				4FDB6BFF1D78EAF200B668EE /* traffic2 */,
				4FDB6C1C1D78EAF200B668EE /* traffic2Tests */,
				4FDB6C271D78EAF200B668EE /* traffic2UITests */,
				4FDB6BFE1D78EAF200B668EE /* Products */,
			);
			sourceTree = "<group>";
		};
		4FDB6BFE1D78EAF200B668EE /* Products */ = {
			isa = PBXGroup;
			children = (
				4FDB6BFD1D78EAF200B668EE /* traffic2.app */,
				4FDB6C191D78EAF200B668EE /* traffic2Tests.xctest */,
				4FDB6C241D78EAF200B668EE /* traffic2UITests.xctest */,
			);
			name = Products;
			sourceTree = "<group>";
		};
		4FDB6BFF1D78EAF200B668EE /* traffic2 */ = {
			isa = PBXGroup;
			children = (
				4FDB6C031D78EAF200B668EE /* AppDelegate.h */,
				4FDB6C041D78EAF200B668EE /* AppDelegate.m */,
				4FDB6C061D78EAF200B668EE /* FirstViewController.h */,
				4FDB6C071D78EAF200B668EE /* FirstViewController.m */,
				4FDB6C091D78EAF200B668EE /* SecondViewController.h */,
				4FDB6C0A1D78EAF200B668EE /* SecondViewController.m */,
				4FDB6C0C1D78EAF200B668EE /* Main.storyboard */,
				4FDB6C0F1D78EAF200B668EE /* Assets.xcassets */,
				4FDB6C111D78EAF200B668EE /* LaunchScreen.storyboard */,
				4FDB6C141D78EAF200B668EE /* Info.plist */,
				4FDB6C001D78EAF200B668EE /* Supporting Files */,
				4F9E428C1D80F1D70046B346 /* AddressDetailViewController.h */,
				4F9E428D1D80F1D70046B346 /* AddressDetailViewController.m */,
			);
			path = traffic2;
			sourceTree = "<group>";
		};
		4FDB6C001D78EAF200B668EE /* Supporting Files */ = {
			isa = PBXGroup;
			children = (
				4FDB6C011D78EAF200B668EE /* main.m */,
			);
			name = "Supporting Files";
			sourceTree = "<group>";
		};
		4FDB6C1C1D78EAF200B668EE /* traffic2Tests */ = {
			isa = PBXGroup;
			children = (
				4FDB6C1D1D78EAF200B668EE /* traffic2Tests.m */,
				4FDB6C1F1D78EAF200B668EE /* Info.plist */,
			);
			path = traffic2Tests;
			sourceTree = "<group>";
		};
		4FDB6C271D78EAF200B668EE /* traffic2UITests */ = {
			isa = PBXGroup;
			children = (
				4FDB6C281D78EAF200B668EE /* traffic2UITests.m */,
				4FDB6C2A1D78EAF200B668EE /* Info.plist */,
			);
			path = traffic2UITests;
			sourceTree = "<group>";
		};
/* End PBXGroup section */

/* Begin PBXNativeTarget section */
		4FDB6BFC1D78EAF200B668EE /* traffic2 */ = {
			isa = PBXNativeTarget;
			buildConfigurationList = 4FDB6C2D1D78EAF200B668EE /* Build configuration list for PBXNativeTarget "traffic2" */;
			buildPhases = (
				4FDB6BF91D78EAF200B668EE /* Sources */,
				4FDB6BFA1D78EAF200B668EE /* Frameworks */,
				4FDB6BFB1D78EAF200B668EE /* Resources */,
			);
			buildRules = (
			);
			dependencies = (
			);
			name = traffic2;
			productName = traffic2;
			productReference = 4FDB6BFD1D78EAF200B668EE /* traffic2.app */;
			productType = "com.apple.product-type.application";
		};
		4FDB6C181D78EAF200B668EE /* traffic2Tests */ = {
			isa = PBXNativeTarget;
			buildConfigurationList = 4FDB6C301D78EAF200B668EE /* Build configuration list for PBXNativeTarget "traffic2Tests" */;
			buildPhases = (
				4FDB6C151D78EAF200B668EE /* Sources */,
				4FDB6C161D78EAF200B668EE /* Frameworks */,
				4FDB6C171D78EAF200B668EE /* Resources */,
			);
			buildRules = (
			);
			dependencies = (
				4FDB6C1B1D78EAF200B668EE /* PBXTargetDependency */,
			);
			name = traffic2Tests;
			productName = traffic2Tests;
			productReference = 4FDB6C191D78EAF200B668EE /* traffic2Tests.xctest */;
			productType = "com.apple.product-type.bundle.unit-test";
		};
		4FDB6C231D78EAF200B668EE /* traffic2UITests */ = {
			isa = PBXNativeTarget;
			buildConfigurationList = 4FDB6C331D78EAF200B668EE /* Build configuration list for PBXNativeTarget "traffic2UITests" */;
			buildPhases = (
				4FDB6C201D78EAF200B668EE /* Sources */,
				4FDB6C211D78EAF200B668EE /* Frameworks */,
				4FDB6C221D78EAF200B668EE /* Resources */,
			);
			buildRules = (
			);
			dependencies = (
				4FDB6C261D78EAF200B668EE /* PBXTargetDependency */,
			);
			name = traffic2UITests;
			productName = traffic2UITests;
			productReference = 4FDB6C241D78EAF200B668EE /* traffic2UITests.xctest */;
			productType = "com.apple.product-type.bundle.ui-testing";
		};
/* End PBXNativeTarget section */

/* Begin PBXProject section */
		4FDB6BF51D78EAF200B668EE /* Project object */ = {
			isa = PBXProject;
			attributes = {
				LastUpgradeCheck = 0720;
				ORGANIZATIONNAME = Catherine;
				TargetAttributes = {
					4FDB6BFC1D78EAF200B668EE = {
						CreatedOnToolsVersion = 7.2;
					};
					4FDB6C181D78EAF200B668EE = {
						CreatedOnToolsVersion = 7.2;
						TestTargetID = 4FDB6BFC1D78EAF200B668EE;
					};
					4FDB6C231D78EAF200B668EE = {
						CreatedOnToolsVersion = 7.2;
						TestTargetID = 4FDB6BFC1D78EAF200B668EE;
					};
				};
			};
			buildConfigurationList = 4FDB6BF81D78EAF200B668EE /* Build configuration list for PBXProject "traffic2" */;
			compatibilityVersion = "Xcode 3.2";
			developmentRegion = English;
			hasScannedForEncodings = 0;
			knownRegions = (
				en,
				Base,
			);
			mainGroup = 4FDB6BF41D78EAF200B668EE;
			productRefGroup = 4FDB6BFE1D78EAF200B668EE /* Products */;
			projectDirPath = "";
			projectRoot = "";
			targets = (
				4FDB6BFC1D78EAF200B668EE /* traffic2 */,
				4FDB6C181D78EAF200B668EE /* traffic2Tests */,
				4FDB6C231D78EAF200B668EE /* traffic2UITests */,
			);
		};
/* End PBXProject section */

/* Begin PBXResourcesBuildPhase section */
		4FDB6BFB1D78EAF200B668EE /* Resources */ = {
			isa = PBXResourcesBuildPhase;
			buildActionMask = 2147483647;
			files = (
				4FDB6C131D78EAF200B668EE /* LaunchScreen.storyboard in Resources */,
				4FDB6C101D78EAF200B668EE /* Assets.xcassets in Resources */,
				4FDB6C0E1D78EAF200B668EE /* Main.storyboard in Resources */,
			);
			runOnlyForDeploymentPostprocessing = 0;
		};
		4FDB6C171D78EAF200B668EE /* Resources */ = {
			isa = PBXResourcesBuildPhase;
			buildActionMask = 2147483647;
			files = (
			);
			runOnlyForDeploymentPostprocessing = 0;
		};
		4FDB6C221D78EAF200B668EE /* Resources */ = {
			isa = PBXResourcesBuildPhase;
			buildActionMask = 2147483647;
			files = (
			);
			runOnlyForDeploymentPostprocessing = 0;
		};
/* End PBXResourcesBuildPhase section */

/* Begin PBXSourcesBuildPhase section */
		4FDB6BF91D78EAF200B668EE /* Sources */ = {
			isa = PBXSourcesBuildPhase;
			buildActionMask = 2147483647;
			files = (
				4FDB6C0B1D78EAF200B668EE /* SecondViewController.m in Sources */,
				4FDB6C051D78EAF200B668EE /* AppDelegate.m in Sources */,
				4FDB6C081D78EAF200B668EE /* FirstViewController.m in Sources */,
				4FDB6C021D78EAF200B668EE /* main.m in Sources */,
				4F9E428E1D80F1D70046B346 /* AddressDetailViewController.m in Sources */,
			);
			runOnlyForDeploymentPostprocessing = 0;
		};
		4FDB6C151D78EAF200B668EE /* Sources */ = {
			isa = PBXSourcesBuildPhase;
			buildActionMask = 2147483647;
			files = (
				4FDB6C1E1D78EAF200B668EE /* traffic2Tests.m in Sources */,
			);
			runOnlyForDeploymentPostprocessing = 0;
		};
		4FDB6C201D78EAF200B668EE /* Sources */ = {
			isa = PBXSourcesBuildPhase;
			buildActionMask = 2147483647;
			files = (
				4FDB6C291D78EAF200B668EE /* traffic2UITests.m in Sources */,
			);
			runOnlyForDeploymentPostprocessing = 0;
		};
/* End PBXSourcesBuildPhase section */

/* Begin PBXTargetDependency section */
		4FDB6C1B1D78EAF200B668EE /* PBXTargetDependency */ = {
			isa = PBXTargetDependency;
			target = 4FDB6BFC1D78EAF200B668EE /* traffic2 */;
			targetProxy = 4FDB6C1A1D78EAF200B668EE /* PBXContainerItemProxy */;
		};
		4FDB6C261D78EAF200B668EE /* PBXTargetDependency */ = {
			isa = PBXTargetDependency;
			target = 4FDB6BFC1D78EAF200B668EE /* traffic2 */;
			targetProxy = 4FDB6C251D78EAF200B668EE /* PBXContainerItemProxy */;
		};
/* End PBXTargetDependency section */

/* Begin PBXVariantGroup section */
		4FDB6C0C1D78EAF200B668EE /* Main.storyboard */ = {
			isa = PBXVariantGroup;
			children = (
				4FDB6C0D1D78EAF200B668EE /* Base */,
			);
			name = Main.storyboard;
			sourceTree = "<group>";
		};
		4FDB6C111D78EAF200B668EE /* LaunchScreen.storyboard */ = {
			isa = PBXVariantGroup;
			children = (
				4FDB6C121D78EAF200B668EE /* Base */,
			);
			name = LaunchScreen.storyboard;
			sourceTree = "<group>";
		};
/* End PBXVariantGroup section */

/* Begin XCBuildConfiguration section */
		4FDB6C2B1D78EAF200B668EE /* Debug */ = {
			isa = XCBuildConfiguration;
			buildSettings = {
				ALWAYS_SEARCH_USER_PATHS = NO;
				CLANG_CXX_LANGUAGE_STANDARD = "gnu++0x";
				CLANG_CXX_LIBRARY = "libc++";
				CLANG_ENABLE_MODULES = YES;
				CLANG_ENABLE_OBJC_ARC = YES;
				CLANG_WARN_BOOL_CONVERSION = YES;
				CLANG_WARN_CONSTANT_CONVERSION = YES;
				CLANG_WARN_DIRECT_OBJC_ISA_USAGE = YES_ERROR;
				CLANG_WARN_EMPTY_BODY = YES;
				CLANG_WARN_ENUM_CONVERSION = YES;
				CLANG_WARN_INT_CONVERSION = YES;
				CLANG_WARN_OBJC_ROOT_CLASS = YES_ERROR;
				CLANG_WARN_UNREACHABLE_CODE = YES;
				CLANG_WARN__DUPLICATE_METHOD_MATCH = YES;
				"CODE_SIGN_IDENTITY[sdk=iphoneos*]" = "iPhone Developer";
				COPY_PHASE_STRIP = NO;
				DEBUG_INFORMATION_FORMAT = dwarf;
				ENABLE_STRICT_OBJC_MSGSEND = YES;
				ENABLE_TESTABILITY = YES;
				GCC_C_LANGUAGE_STANDARD = gnu99;
				GCC_DYNAMIC_NO_PIC = NO;
				GCC_NO_COMMON_BLOCKS = YES;
				GCC_OPTIMIZATION_LEVEL = 0;
				GCC_PREPROCESSOR_DEFINITIONS = (
					"DEBUG=1",
					"$(inherited)",
				);
				GCC_WARN_64_TO_32_BIT_CONVERSION = YES;
				GCC_WARN_ABOUT_RETURN_TYPE = YES_ERROR;
				GCC_WARN_UNDECLARED_SELECTOR = YES;
				GCC_WARN_UNINITIALIZED_AUTOS = YES_AGGRESSIVE;
				GCC_WARN_UNUSED_FUNCTION = YES;
				GCC_WARN_UNUSED_VARIABLE = YES;
				IPHONEOS_DEPLOYMENT_TARGET = 9.2;
				MTL_ENABLE_DEBUG_INFO = YES;
				ONLY_ACTIVE_ARCH = YES;
				SDKROOT = iphoneos;
				TARGETED_DEVICE_FAMILY = "1,2";
			};
			name = Debug;
		};
		4FDB6C2C1D78EAF200B668EE /* Release */ = {
			isa = XCBuildConfiguration;
			buildSettings = {
				ALWAYS_SEARCH_USER_PATHS = NO;
				CLANG_CXX_LANGUAGE_STANDARD = "gnu++0x";
				CLANG_CXX_LIBRARY = "libc++";
				CLANG_ENABLE_MODULES = YES;
				CLANG_ENABLE_OBJC_ARC = YES;
				CLANG_WARN_BOOL_CONVERSION = YES;
				CLANG_WARN_CONSTANT_CONVERSION = YES;
				CLANG_WARN_DIRECT_OBJC_ISA_USAGE = YES_ERROR;
				CLANG_WARN_EMPTY_BODY = YES;
				CLANG_WARN_ENUM_CONVERSION = YES;
				CLANG_WARN_INT_CONVERSION = YES;
				CLANG_WARN_OBJC_ROOT_CLASS = YES_ERROR;
				CLANG_WARN_UNREACHABLE_CODE = YES;
				CLANG_WARN__DUPLICATE_METHOD_MATCH = YES;
				"CODE_SIGN_IDENTITY[sdk=iphoneos*]" = "iPhone Developer";
				COPY_PHASE_STRIP = NO;
				DEBUG_INFORMATION_FORMAT = "dwarf-with-dsym";
				ENABLE_NS_ASSERTIONS = NO;
				ENABLE_STRICT_OBJC_MSGSEND = YES;
				GCC_C_LANGUAGE_STANDARD = gnu99;
				GCC_NO_COMMON_BLOCKS = YES;
				GCC_WARN_64_TO_32_BIT_CONVERSION = YES;
				GCC_WARN_ABOUT_RETURN_TYPE = YES_ERROR;
				GCC_WARN_UNDECLARED_SELECTOR = YES;
				GCC_WARN_UNINITIALIZED_AUTOS = YES_AGGRESSIVE;
				GCC_WARN_UNUSED_FUNCTION = YES;
				GCC_WARN_UNUSED_VARIABLE = YES;
				IPHONEOS_DEPLOYMENT_TARGET = 9.2;
				MTL_ENABLE_DEBUG_INFO = NO;
				SDKROOT = iphoneos;
				TARGETED_DEVICE_FAMILY = "1,2";
				VALIDATE_PRODUCT = YES;
			};
			name = Release;
		};
		4FDB6C2E1D78EAF200B668EE /* Debug */ = {
			isa = XCBuildConfiguration;
			buildSettings = {
				ASSETCATALOG_COMPILER_APPICON_NAME = AppIcon;
				INFOPLIST_FILE = traffic2/Info.plist;
				LD_RUNPATH_SEARCH_PATHS = "$(inherited) @executable_path/Frameworks";
				PRODUCT_BUNDLE_IDENTIFIER = Catherine.traffic2;
				PRODUCT_NAME = "$(TARGET_NAME)";
			};
			name = Debug;
		};
		4FDB6C2F1D78EAF200B668EE /* Release */ = {
			isa = XCBuildConfiguration;
			buildSettings = {
				ASSETCATALOG_COMPILER_APPICON_NAME = AppIcon;
				INFOPLIST_FILE = traffic2/Info.plist;
				LD_RUNPATH_SEARCH_PATHS = "$(inherited) @executable_path/Frameworks";
				PRODUCT_BUNDLE_IDENTIFIER = Catherine.traffic2;
				PRODUCT_NAME = "$(TARGET_NAME)";
			};
			name = Release;
		};
		4FDB6C311D78EAF200B668EE /* Debug */ = {
			isa = XCBuildConfiguration;
			buildSettings = {
				BUNDLE_LOADER = "$(TEST_HOST)";
				INFOPLIST_FILE = traffic2Tests/Info.plist;
				LD_RUNPATH_SEARCH_PATHS = "$(inherited) @executable_path/Frameworks @loader_path/Frameworks";
				PRODUCT_BUNDLE_IDENTIFIER = Catherine.traffic2Tests;
				PRODUCT_NAME = "$(TARGET_NAME)";
				TEST_HOST = "$(BUILT_PRODUCTS_DIR)/traffic2.app/traffic2";
			};
			name = Debug;
		};
		4FDB6C321D78EAF200B668EE /* Release */ = {
			isa = XCBuildConfiguration;
			buildSettings = {
				BUNDLE_LOADER = "$(TEST_HOST)";
				INFOPLIST_FILE = traffic2Tests/Info.plist;
				LD_RUNPATH_SEARCH_PATHS = "$(inherited) @executable_path/Frameworks @loader_path/Frameworks";
				PRODUCT_BUNDLE_IDENTIFIER = Catherine.traffic2Tests;
				PRODUCT_NAME = "$(TARGET_NAME)";
				TEST_HOST = "$(BUILT_PRODUCTS_DIR)/traffic2.app/traffic2";
			};
			name = Release;
		};
		4FDB6C341D78EAF200B668EE /* Debug */ = {
			isa = XCBuildConfiguration;
			buildSettings = {
				INFOPLIST_FILE = traffic2UITests/Info.plist;
				LD_RUNPATH_SEARCH_PATHS = "$(inherited) @executable_path/Frameworks @loader_path/Frameworks";
				PRODUCT_BUNDLE_IDENTIFIER = Catherine.traffic2UITests;
				PRODUCT_NAME = "$(TARGET_NAME)";
				TEST_TARGET_NAME = traffic2;
				USES_XCTRUNNER = YES;
			};
			name = Debug;
		};
		4FDB6C351D78EAF200B668EE /* Release */ = {
			isa = XCBuildConfiguration;
			buildSettings = {
				INFOPLIST_FILE = traffic2UITests/Info.plist;
				LD_RUNPATH_SEARCH_PATHS = "$(inherited) @executable_path/Frameworks @loader_path/Frameworks";
				PRODUCT_BUNDLE_IDENTIFIER = Catherine.traffic2UITests;
				PRODUCT_NAME = "$(TARGET_NAME)";
				TEST_TARGET_NAME = traffic2;
				USES_XCTRUNNER = YES;
			};
			name = Release;
		};
/* End XCBuildConfiguration section */

/* Begin XCConfigurationList section */
		4FDB6BF81D78EAF200B668EE /* Build configuration list for PBXProject "traffic2" */ = {
			isa = XCConfigurationList;
			buildConfigurations = (
				4FDB6C2B1D78EAF200B668EE /* Debug */,
				4FDB6C2C1D78EAF200B668EE /* Release */,
			);
			defaultConfigurationIsVisible = 0;
			defaultConfigurationName = Release;
		};
		4FDB6C2D1D78EAF200B668EE /* Build configuration list for PBXNativeTarget "traffic2" */ = {
			isa = XCConfigurationList;
			buildConfigurations = (
				4FDB6C2E1D78EAF200B668EE /* Debug */,
				4FDB6C2F1D78EAF200B668EE /* Release */,
			);
			defaultConfigurationIsVisible = 0;
			defaultConfigurationName = Release;
		};
		4FDB6C301D78EAF200B668EE /* Build configuration list for PBXNativeTarget "traffic2Tests" */ = {
			isa = XCConfigurationList;
			buildConfigurations = (
				4FDB6C311D78EAF200B668EE /* Debug */,
				4FDB6C321D78EAF200B668EE /* Release */,
			);
			defaultConfigurationIsVisible = 0;
			defaultConfigurationName = Release;
		};
		4FDB6C331D78EAF200B668EE /* Build configuration list for PBXNativeTarget "traffic2UITests" */ = {
			isa = XCConfigurationList;
			buildConfigurations = (
				4FDB6C341D78EAF200B668EE /* Debug */,
				4FDB6C351D78EAF200B668EE /* Release */,
			);
			defaultConfigurationIsVisible = 0;
			defaultConfigurationName = Release;
		};
/* End XCConfigurationList section */
	};
	rootObject = 4FDB6BF51D78EAF200B668EE /* Project object */;
}
